[[schemas]]
subject = "nfts"
version = 1
sha512 = "411f1c6d009f355e11e25885d89b71c2cdf2eb477b2c6ca443d93b52088d0b9ebd4b8a2cb0fbc1d2dddadf25c4aa01d5260a41c8b78d3178aabb81efc1ce0291"

[[schemas]]
subject = "polygon_nfts"
version = 1
sha512 = "962d24f965912c214f484b2918ebb1071a4a0e0920e27afa7210a252cbf25d9e14ba2237c42a385193a11224dea72275c56f86a695fc1d8e8afb84748c638984"

[[schemas]]
subject = "treasury"
version = 1
sha512 = "4231958be48e251d3287156207f6cfda6ba7b100f51d36b74025278971ddf0a89d5da5b775e38060baf3d00b875897c6dc842675c6745fe795e83069a71c4f7e"
