[[schemas]]
subject = "nfts"
version = 12
sha512 = "2a621c8558fca0e7cdb3d909e126dc09282b30fdeed29f9ca42828eb7e8db94ee6e612cbf15ec5f15e477089d4dbb9b69abc9000c6cbf977bb40917fdedc3585"

[[schemas]]
subject = "polygon_nfts"
version = 2
sha512 = "ebe272881b35d672e4e3147dc1aafc58eee7a0df990c019a679ec4746ad08018b5ea6d8fcb81d32ecc283475a20d9dd49ba8466e5e5b415835660d73ee41b626"

[[schemas]]
subject = "treasury"
version = 14
sha512 = "3146896cc5b60ca921329c6d39e723fc5c1ea89722d42467108a21b13d969259e6186174ef5ba3b4ecd7e4578e5eb637159c788456bb743af80e1d6f72b3b102"
