[[schemas]]
subject = "nfts"
version = 12
sha512 = "2a621c8558fca0e7cdb3d909e126dc09282b30fdeed29f9ca42828eb7e8db94ee6e612cbf15ec5f15e477089d4dbb9b69abc9000c6cbf977bb40917fdedc3585"

[[schemas]]
subject = "polygon_nfts"
version = 2
sha512 = "ebe272881b35d672e4e3147dc1aafc58eee7a0df990c019a679ec4746ad08018b5ea6d8fcb81d32ecc283475a20d9dd49ba8466e5e5b415835660d73ee41b626"

[[schemas]]
subject = "treasury"
version = 13
sha512 = "dff524f481a25a25d10cde9cfb472cf5cb022c8ea254596ee63c75fe24e49ec5db72cd9101487da8b96a45662fea3aeb88353067ea5c67903c519ad67cebd35d"
