[[schemas]]
subject = "nfts"
version = 15
sha512 = "a0f3bf58c9c19f1e496d55bfc8b8ce42e66aef8ff60b7d32766d65551be6467488ed5ce24ed173399e5921179ff2733a0ca524470af7a8ff437e81a3cffa589a"

[[schemas]]
subject = "polygon_nfts"
version = 5
sha512 = "cc7811d7a199f6ac30d3716b01a01f92a60b78814be7deefa384a366c5af06042b8c59589e7c375e7aaa25abc108b91ddfd747d0a2b4196e9b0f0bb977bc7046"

[[schemas]]
subject = "treasury"
version = 15
sha512 = "93d56d15e5a83ff630854c733e56830a6cd61284ddf0dbcb2bbb8cd9763370119424877c446b210915ef703ee80a0c9b15baa47600e5e1672becd0520ef58819"
