[[schemas]]
subject = "nfts"
version = 1
sha512 = "8158d40a21145a2a0ef9a93ce423ef61fe404d9cc2b9fc3d1d358ba54e7ceb447c03f2c0507d1388595d523ba216a7ba483535c566059740fa301476eb190288"

[[schemas]]
subject = "polygon_nfts"
version = 1
sha512 = "381f4d40c28efce3dff07c8d24b171f85a38c146abf245ce742c969d9cecd4cf525809e349e109cd479020e773d9b6864e610d3e06768b93fe24e65fa1827740"

[[schemas]]
subject = "treasury"
version = 1
sha512 = "bf8ad07bb11acefeaced6e5da417a9b49bad3770e4dd7f3d29b743fb943da973ab8587f7fef10a40a76b2e477d1c3956410de8403b7fb6efa80b95f2c3b8e8cf"
