[[schemas]]
subject = "nfts"
version = 14
sha512 = "8158d40a21145a2a0ef9a93ce423ef61fe404d9cc2b9fc3d1d358ba54e7ceb447c03f2c0507d1388595d523ba216a7ba483535c566059740fa301476eb190288"

[[schemas]]
subject = "polygon_nfts"
version = 5
sha512 = "cc7811d7a199f6ac30d3716b01a01f92a60b78814be7deefa384a366c5af06042b8c59589e7c375e7aaa25abc108b91ddfd747d0a2b4196e9b0f0bb977bc7046"

[[schemas]]
subject = "treasury"
version = 15
sha512 = "93d56d15e5a83ff630854c733e56830a6cd61284ddf0dbcb2bbb8cd9763370119424877c446b210915ef703ee80a0c9b15baa47600e5e1672becd0520ef58819"
